
Microsoft Visual Studio Solution File, Format Version 12.00
# Visual Studio 15
VisualStudioVersion = 15.0.28010.2041
MinimumVisualStudioVersion = 10.0.40219.1
Project("{FAE04EC0-301F-11D3-BF4B-00C04F79EFBC}") = "SummaryTable", "SummaryTable\SummaryTable.csproj", "{EE536F57-0CD9-43C2-BA7C-FD10AAB943AF}"
EndProject
Global
	GlobalSection(SolutionConfigurationPlatforms) = preSolution
		Debug|Any CPU = Debug|Any CPU
		Release|Any CPU = Release|Any CPU
	EndGlobalSection
	GlobalSection(ProjectConfigurationPlatforms) = postSolution
		{EE536F57-0CD9-43C2-BA7C-FD10AAB943AF}.Debug|Any CPU.ActiveCfg = Debug|Any CPU
		{EE536F57-0CD9-43C2-BA7C-FD10AAB943AF}.Debug|Any CPU.Build.0 = Debug|Any CPU
		{EE536F57-0CD9-43C2-BA7C-FD10AAB943AF}.Release|Any CPU.ActiveCfg = Release|Any CPU
		{EE536F57-0CD9-43C2-BA7C-FD10AAB943AF}.Release|Any CPU.Build.0 = Release|Any CPU
	EndGlobalSection
	GlobalSection(SolutionProperties) = preSolution
		HideSolutionNode = FALSE
	EndGlobalSection
	GlobalSection(ExtensibilityGlobals) = postSolution
		SolutionGuid = {2C4220FF-D0E6-487F-816E-9795A7C28F32}
	EndGlobalSection
EndGlobal
